
Microsoft Visual Studio Solution File, Format Version 12.00
# Visual Studio Version 17
VisualStudioVersion = 17.9.34616.47
MinimumVisualStudioVersion = 10.0.40219.1
Project("{9A19103F-16F7-4668-BE54-9A1E7A4F7556}") = "MaldsKeeperWebApp", "MaldsKeeperWebApp\MaldsKeeperWebApp.csproj", "{7D1E7496-0DEF-4117-A8EA-632D166A9192}"
EndProject
Project("{FAE04EC0-301F-11D3-BF4B-00C04F79EFBC}") = "MaldsKeeperWebApp.Test", "MaldsKeeperWebApp.Test\MaldsKeeperWebApp.Test.csproj", "{35453585-102E-4DFB-A11F-760AD8748152}"
EndProject
Global
	GlobalSection(SolutionConfigurationPlatforms) = preSolution
		Debug|Any CPU = Debug|Any CPU
		Release|Any CPU = Release|Any CPU
	EndGlobalSection
	GlobalSection(ProjectConfigurationPlatforms) = postSolution
		{7D1E7496-0DEF-4117-A8EA-632D166A9192}.Debug|Any CPU.ActiveCfg = Debug|Any CPU
		{7D1E7496-0DEF-4117-A8EA-632D166A9192}.Debug|Any CPU.Build.0 = Debug|Any CPU
		{7D1E7496-0DEF-4117-A8EA-632D166A9192}.Release|Any CPU.ActiveCfg = Release|Any CPU
		{7D1E7496-0DEF-4117-A8EA-632D166A9192}.Release|Any CPU.Build.0 = Release|Any CPU
		{35453585-102E-4DFB-A11F-760AD8748152}.Debug|Any CPU.ActiveCfg = Debug|Any CPU
		{35453585-102E-4DFB-A11F-760AD8748152}.Debug|Any CPU.Build.0 = Debug|Any CPU
		{35453585-102E-4DFB-A11F-760AD8748152}.Release|Any CPU.ActiveCfg = Release|Any CPU
		{35453585-102E-4DFB-A11F-760AD8748152}.Release|Any CPU.Build.0 = Release|Any CPU
	EndGlobalSection
	GlobalSection(SolutionProperties) = preSolution
		HideSolutionNode = FALSE
	EndGlobalSection
	GlobalSection(ExtensibilityGlobals) = postSolution
		SolutionGuid = {14481312-2626-4572-94FB-F581019CC925}
	EndGlobalSection
EndGlobal
